
Microsoft Visual Studio Solution File, Format Version 12.00
# Visual Studio Version 17
VisualStudioVersion = 17.10.34707.107
MinimumVisualStudioVersion = 10.0.40219.1
Project("{888888A0-9F3D-457C-B088-3A5042F75D52}") = "SAFEHOUSE", "SAFEHOUSE.pyproj", "{915E9975-1C19-41FD-886B-2F47CE7B08DA}"
EndProject
Global
	GlobalSection(SolutionConfigurationPlatforms) = preSolution
		Debug|Any CPU = Debug|Any CPU
		Release|Any CPU = Release|Any CPU
	EndGlobalSection
	GlobalSection(ProjectConfigurationPlatforms) = postSolution
		{915E9975-1C19-41FD-886B-2F47CE7B08DA}.Debug|Any CPU.ActiveCfg = Debug|Any CPU
		{915E9975-1C19-41FD-886B-2F47CE7B08DA}.Release|Any CPU.ActiveCfg = Release|Any CPU
	EndGlobalSection
	GlobalSection(SolutionProperties) = preSolution
		HideSolutionNode = FALSE
	EndGlobalSection
	GlobalSection(ExtensibilityGlobals) = postSolution
		SolutionGuid = {8F0F68A4-C8EC-4B1D-BB25-BF7FFD8D71BB}
	EndGlobalSection
EndGlobal
